
Microsoft Visual Studio Solution File, Format Version 12.00
# Visual Studio 14
VisualStudioVersion = 14.0.24720.0
MinimumVisualStudioVersion = 10.0.40219.1
Project("{FAE04EC0-301F-11D3-BF4B-00C04F79EFBC}") = "BunnyWay.Metrics", "BunnyWay.Metrics\BunnyWay.Metrics.csproj", "{7DC37C55-705B-4C14-ADAD-B1A94B8B5298}"
EndProject
Project("{FAE04EC0-301F-11D3-BF4B-00C04F79EFBC}") = "BunnyWay.Metrics.Example", "BunnyWay.Metrics.Example\BunnyWay.Metrics.Example.csproj", "{DBE19EB0-ECFC-4AD8-961A-D99CB745ED85}"
EndProject
Project("{FAE04EC0-301F-11D3-BF4B-00C04F79EFBC}") = "BunnyWay.Metrics.Tests", "BunnyWay.Metrics.Tests\BunnyWay.Metrics.Tests.csproj", "{4DE69594-4E75-4365-8DEA-E5E537FF0C7D}"
EndProject
Global
	GlobalSection(SolutionConfigurationPlatforms) = preSolution
		Debug|Any CPU = Debug|Any CPU
		Debug|ARM = Debug|ARM
		Debug|x64 = Debug|x64
		Debug|x86 = Debug|x86
		Release|Any CPU = Release|Any CPU
		Release|ARM = Release|ARM
		Release|x64 = Release|x64
		Release|x86 = Release|x86
	EndGlobalSection
	GlobalSection(ProjectConfigurationPlatforms) = postSolution
		{7DC37C55-705B-4C14-ADAD-B1A94B8B5298}.Debug|Any CPU.ActiveCfg = Debug|Any CPU
		{7DC37C55-705B-4C14-ADAD-B1A94B8B5298}.Debug|Any CPU.Build.0 = Debug|Any CPU
		{7DC37C55-705B-4C14-ADAD-B1A94B8B5298}.Debug|ARM.ActiveCfg = Debug|Any CPU
		{7DC37C55-705B-4C14-ADAD-B1A94B8B5298}.Debug|ARM.Build.0 = Debug|Any CPU
		{7DC37C55-705B-4C14-ADAD-B1A94B8B5298}.Debug|x64.ActiveCfg = Debug|Any CPU
		{7DC37C55-705B-4C14-ADAD-B1A94B8B5298}.Debug|x64.Build.0 = Debug|Any CPU
		{7DC37C55-705B-4C14-ADAD-B1A94B8B5298}.Debug|x86.ActiveCfg = Debug|Any CPU
		{7DC37C55-705B-4C14-ADAD-B1A94B8B5298}.Debug|x86.Build.0 = Debug|Any CPU
		{7DC37C55-705B-4C14-ADAD-B1A94B8B5298}.Release|Any CPU.ActiveCfg = Release|Any CPU
		{7DC37C55-705B-4C14-ADAD-B1A94B8B5298}.Release|Any CPU.Build.0 = Release|Any CPU
		{7DC37C55-705B-4C14-ADAD-B1A94B8B5298}.Release|ARM.ActiveCfg = Release|Any CPU
		{7DC37C55-705B-4C14-ADAD-B1A94B8B5298}.Release|ARM.Build.0 = Release|Any CPU
		{7DC37C55-705B-4C14-ADAD-B1A94B8B5298}.Release|x64.ActiveCfg = Release|Any CPU
		{7DC37C55-705B-4C14-ADAD-B1A94B8B5298}.Release|x64.Build.0 = Release|Any CPU
		{7DC37C55-705B-4C14-ADAD-B1A94B8B5298}.Release|x86.ActiveCfg = Release|Any CPU
		{7DC37C55-705B-4C14-ADAD-B1A94B8B5298}.Release|x86.Build.0 = Release|Any CPU
		{DBE19EB0-ECFC-4AD8-961A-D99CB745ED85}.Debug|Any CPU.ActiveCfg = Debug|Any CPU
		{DBE19EB0-ECFC-4AD8-961A-D99CB745ED85}.Debug|Any CPU.Build.0 = Debug|Any CPU
		{DBE19EB0-ECFC-4AD8-961A-D99CB745ED85}.Debug|ARM.ActiveCfg = Debug|Any CPU
		{DBE19EB0-ECFC-4AD8-961A-D99CB745ED85}.Debug|ARM.Build.0 = Debug|Any CPU
		{DBE19EB0-ECFC-4AD8-961A-D99CB745ED85}.Debug|x64.ActiveCfg = Debug|Any CPU
		{DBE19EB0-ECFC-4AD8-961A-D99CB745ED85}.Debug|x64.Build.0 = Debug|Any CPU
		{DBE19EB0-ECFC-4AD8-961A-D99CB745ED85}.Debug|x86.ActiveCfg = Debug|Any CPU
		{DBE19EB0-ECFC-4AD8-961A-D99CB745ED85}.Debug|x86.Build.0 = Debug|Any CPU
		{DBE19EB0-ECFC-4AD8-961A-D99CB745ED85}.Release|Any CPU.ActiveCfg = Release|Any CPU
		{DBE19EB0-ECFC-4AD8-961A-D99CB745ED85}.Release|Any CPU.Build.0 = Release|Any CPU
		{DBE19EB0-ECFC-4AD8-961A-D99CB745ED85}.Release|ARM.ActiveCfg = Release|Any CPU
		{DBE19EB0-ECFC-4AD8-961A-D99CB745ED85}.Release|ARM.Build.0 = Release|Any CPU
		{DBE19EB0-ECFC-4AD8-961A-D99CB745ED85}.Release|x64.ActiveCfg = Release|Any CPU
		{DBE19EB0-ECFC-4AD8-961A-D99CB745ED85}.Release|x64.Build.0 = Release|Any CPU
		{DBE19EB0-ECFC-4AD8-961A-D99CB745ED85}.Release|x86.ActiveCfg = Release|Any CPU
		{DBE19EB0-ECFC-4AD8-961A-D99CB745ED85}.Release|x86.Build.0 = Release|Any CPU
		{4DE69594-4E75-4365-8DEA-E5E537FF0C7D}.Debug|Any CPU.ActiveCfg = Debug|Any CPU
		{4DE69594-4E75-4365-8DEA-E5E537FF0C7D}.Debug|Any CPU.Build.0 = Debug|Any CPU
		{4DE69594-4E75-4365-8DEA-E5E537FF0C7D}.Debug|ARM.ActiveCfg = Debug|Any CPU
		{4DE69594-4E75-4365-8DEA-E5E537FF0C7D}.Debug|ARM.Build.0 = Debug|Any CPU
		{4DE69594-4E75-4365-8DEA-E5E537FF0C7D}.Debug|x64.ActiveCfg = Debug|Any CPU
		{4DE69594-4E75-4365-8DEA-E5E537FF0C7D}.Debug|x64.Build.0 = Debug|Any CPU
		{4DE69594-4E75-4365-8DEA-E5E537FF0C7D}.Debug|x86.ActiveCfg = Debug|Any CPU
		{4DE69594-4E75-4365-8DEA-E5E537FF0C7D}.Debug|x86.Build.0 = Debug|Any CPU
		{4DE69594-4E75-4365-8DEA-E5E537FF0C7D}.Release|Any CPU.ActiveCfg = Release|Any CPU
		{4DE69594-4E75-4365-8DEA-E5E537FF0C7D}.Release|Any CPU.Build.0 = Release|Any CPU
		{4DE69594-4E75-4365-8DEA-E5E537FF0C7D}.Release|ARM.ActiveCfg = Release|Any CPU
		{4DE69594-4E75-4365-8DEA-E5E537FF0C7D}.Release|ARM.Build.0 = Release|Any CPU
		{4DE69594-4E75-4365-8DEA-E5E537FF0C7D}.Release|x64.ActiveCfg = Release|Any CPU
		{4DE69594-4E75-4365-8DEA-E5E537FF0C7D}.Release|x64.Build.0 = Release|Any CPU
		{4DE69594-4E75-4365-8DEA-E5E537FF0C7D}.Release|x86.ActiveCfg = Release|Any CPU
		{4DE69594-4E75-4365-8DEA-E5E537FF0C7D}.Release|x86.Build.0 = Release|Any CPU
	EndGlobalSection
	GlobalSection(SolutionProperties) = preSolution
		HideSolutionNode = FALSE
	EndGlobalSection
EndGlobal
